
Microsoft Visual Studio Solution File, Format Version 12.00
# Visual Studio Version 16
VisualStudioVersion = 16.0.30114.105
MinimumVisualStudioVersion = 10.0.40219.1
Project("{FAE04EC0-301F-11D3-BF4B-00C04F79EFBC}") = "R5T.Y0000", "R5T.Y0000\R5T.Y0000.csproj", "{A026E8CB-C65C-4F19-B102-188E273DE81E}"
EndProject
Project("{FAE04EC0-301F-11D3-BF4B-00C04F79EFBC}") = "R5T.Y0000.Construction", "R5T.Y0000.Construction\R5T.Y0000.Construction.csproj", "{002ADF98-52B5-4650-BF1E-F7636254C158}"
EndProject
Global
	GlobalSection(SolutionConfigurationPlatforms) = preSolution
		Debug|Any CPU = Debug|Any CPU
		Debug|x64 = Debug|x64
		Debug|x86 = Debug|x86
		Release|Any CPU = Release|Any CPU
		Release|x64 = Release|x64
		Release|x86 = Release|x86
	EndGlobalSection
	GlobalSection(SolutionProperties) = preSolution
		HideSolutionNode = FALSE
	EndGlobalSection
	GlobalSection(ProjectConfigurationPlatforms) = postSolution
		{A026E8CB-C65C-4F19-B102-188E273DE81E}.Debug|Any CPU.ActiveCfg = Debug|Any CPU
		{A026E8CB-C65C-4F19-B102-188E273DE81E}.Debug|Any CPU.Build.0 = Debug|Any CPU
		{A026E8CB-C65C-4F19-B102-188E273DE81E}.Debug|x64.ActiveCfg = Debug|Any CPU
		{A026E8CB-C65C-4F19-B102-188E273DE81E}.Debug|x64.Build.0 = Debug|Any CPU
		{A026E8CB-C65C-4F19-B102-188E273DE81E}.Debug|x86.ActiveCfg = Debug|Any CPU
		{A026E8CB-C65C-4F19-B102-188E273DE81E}.Debug|x86.Build.0 = Debug|Any CPU
		{A026E8CB-C65C-4F19-B102-188E273DE81E}.Release|Any CPU.ActiveCfg = Release|Any CPU
		{A026E8CB-C65C-4F19-B102-188E273DE81E}.Release|Any CPU.Build.0 = Release|Any CPU
		{A026E8CB-C65C-4F19-B102-188E273DE81E}.Release|x64.ActiveCfg = Release|Any CPU
		{A026E8CB-C65C-4F19-B102-188E273DE81E}.Release|x64.Build.0 = Release|Any CPU
		{A026E8CB-C65C-4F19-B102-188E273DE81E}.Release|x86.ActiveCfg = Release|Any CPU
		{A026E8CB-C65C-4F19-B102-188E273DE81E}.Release|x86.Build.0 = Release|Any CPU
		{002ADF98-52B5-4650-BF1E-F7636254C158}.Debug|Any CPU.ActiveCfg = Debug|Any CPU
		{002ADF98-52B5-4650-BF1E-F7636254C158}.Debug|Any CPU.Build.0 = Debug|Any CPU
		{002ADF98-52B5-4650-BF1E-F7636254C158}.Debug|x64.ActiveCfg = Debug|Any CPU
		{002ADF98-52B5-4650-BF1E-F7636254C158}.Debug|x64.Build.0 = Debug|Any CPU
		{002ADF98-52B5-4650-BF1E-F7636254C158}.Debug|x86.ActiveCfg = Debug|Any CPU
		{002ADF98-52B5-4650-BF1E-F7636254C158}.Debug|x86.Build.0 = Debug|Any CPU
		{002ADF98-52B5-4650-BF1E-F7636254C158}.Release|Any CPU.ActiveCfg = Release|Any CPU
		{002ADF98-52B5-4650-BF1E-F7636254C158}.Release|Any CPU.Build.0 = Release|Any CPU
		{002ADF98-52B5-4650-BF1E-F7636254C158}.Release|x64.ActiveCfg = Release|Any CPU
		{002ADF98-52B5-4650-BF1E-F7636254C158}.Release|x64.Build.0 = Release|Any CPU
		{002ADF98-52B5-4650-BF1E-F7636254C158}.Release|x86.ActiveCfg = Release|Any CPU
		{002ADF98-52B5-4650-BF1E-F7636254C158}.Release|x86.Build.0 = Release|Any CPU
	EndGlobalSection
EndGlobal
