
Microsoft Visual Studio Solution File, Format Version 12.00
# Visual Studio Version 16
VisualStudioVersion = 16.0.30114.105
MinimumVisualStudioVersion = 10.0.40219.1
Project("{FAE04EC0-301F-11D3-BF4B-00C04F79EFBC}") = "R5T.Y0000", "R5T.Y0000\R5T.Y0000.csproj", "{A026E8CB-C65C-4F19-B102-188E273DE81E}"
EndProject
Project("{FAE04EC0-301F-11D3-BF4B-00C04F79EFBC}") = "R5T.Y0000.Construction", "R5T.Y0000.Construction\R5T.Y0000.Construction.csproj", "{002ADF98-52B5-4650-BF1E-F7636254C158}"
EndProject
Project("{2150E333-8FDC-42A3-9474-1A3956D46DE8}") = "_Dependencies", "_Dependencies", "{238D50B5-D0BA-429A-B245-4B21BE4058D0}"
EndProject
Project("{9A19103F-16F7-4668-BE54-9A1E7A4F7556}") = "R5T.T0143", "..\..\R5T.T0143\source\R5T.T0143\R5T.T0143.csproj", "{922D9BA5-1196-4BFB-9C2A-26CD38322433}"
EndProject
Project("{9A19103F-16F7-4668-BE54-9A1E7A4F7556}") = "R5T.T0156", "..\..\R5T.T0156\source\R5T.T0156\R5T.T0156.csproj", "{4D2F502C-FCE5-4439-8EE3-4704C64E4A1F}"
EndProject
Global
	GlobalSection(NestedProjects) = preSolution
		{922D9BA5-1196-4BFB-9C2A-26CD38322433} = {238D50B5-D0BA-429A-B245-4B21BE4058D0}
		{4D2F502C-FCE5-4439-8EE3-4704C64E4A1F} = {238D50B5-D0BA-429A-B245-4B21BE4058D0}
	EndGlobalSection
	GlobalSection(SolutionConfigurationPlatforms) = preSolution
		Debug|Any CPU = Debug|Any CPU
		Debug|x64 = Debug|x64
		Debug|x86 = Debug|x86
		Release|Any CPU = Release|Any CPU
		Release|x64 = Release|x64
		Release|x86 = Release|x86
	EndGlobalSection
	GlobalSection(ProjectConfigurationPlatforms) = postSolution
		{A026E8CB-C65C-4F19-B102-188E273DE81E}.Debug|Any CPU.ActiveCfg = Debug|Any CPU
		{A026E8CB-C65C-4F19-B102-188E273DE81E}.Debug|Any CPU.Build.0 = Debug|Any CPU
		{A026E8CB-C65C-4F19-B102-188E273DE81E}.Debug|x64.ActiveCfg = Debug|Any CPU
		{A026E8CB-C65C-4F19-B102-188E273DE81E}.Debug|x64.Build.0 = Debug|Any CPU
		{A026E8CB-C65C-4F19-B102-188E273DE81E}.Debug|x86.ActiveCfg = Debug|Any CPU
		{A026E8CB-C65C-4F19-B102-188E273DE81E}.Debug|x86.Build.0 = Debug|Any CPU
		{A026E8CB-C65C-4F19-B102-188E273DE81E}.Release|Any CPU.ActiveCfg = Release|Any CPU
		{A026E8CB-C65C-4F19-B102-188E273DE81E}.Release|Any CPU.Build.0 = Release|Any CPU
		{A026E8CB-C65C-4F19-B102-188E273DE81E}.Release|x64.ActiveCfg = Release|Any CPU
		{A026E8CB-C65C-4F19-B102-188E273DE81E}.Release|x64.Build.0 = Release|Any CPU
		{A026E8CB-C65C-4F19-B102-188E273DE81E}.Release|x86.ActiveCfg = Release|Any CPU
		{A026E8CB-C65C-4F19-B102-188E273DE81E}.Release|x86.Build.0 = Release|Any CPU
		{002ADF98-52B5-4650-BF1E-F7636254C158}.Debug|Any CPU.ActiveCfg = Debug|Any CPU
		{002ADF98-52B5-4650-BF1E-F7636254C158}.Debug|Any CPU.Build.0 = Debug|Any CPU
		{002ADF98-52B5-4650-BF1E-F7636254C158}.Debug|x64.ActiveCfg = Debug|Any CPU
		{002ADF98-52B5-4650-BF1E-F7636254C158}.Debug|x64.Build.0 = Debug|Any CPU
		{002ADF98-52B5-4650-BF1E-F7636254C158}.Debug|x86.ActiveCfg = Debug|Any CPU
		{002ADF98-52B5-4650-BF1E-F7636254C158}.Debug|x86.Build.0 = Debug|Any CPU
		{002ADF98-52B5-4650-BF1E-F7636254C158}.Release|Any CPU.ActiveCfg = Release|Any CPU
		{002ADF98-52B5-4650-BF1E-F7636254C158}.Release|Any CPU.Build.0 = Release|Any CPU
		{002ADF98-52B5-4650-BF1E-F7636254C158}.Release|x64.ActiveCfg = Release|Any CPU
		{002ADF98-52B5-4650-BF1E-F7636254C158}.Release|x64.Build.0 = Release|Any CPU
		{002ADF98-52B5-4650-BF1E-F7636254C158}.Release|x86.ActiveCfg = Release|Any CPU
		{002ADF98-52B5-4650-BF1E-F7636254C158}.Release|x86.Build.0 = Release|Any CPU
		{922D9BA5-1196-4BFB-9C2A-26CD38322433}.Debug|Any CPU.ActiveCfg = Debug|Any CPU
		{922D9BA5-1196-4BFB-9C2A-26CD38322433}.Debug|Any CPU.Build.0 = Debug|Any CPU
		{922D9BA5-1196-4BFB-9C2A-26CD38322433}.Debug|x64.ActiveCfg = Debug|Any CPU
		{922D9BA5-1196-4BFB-9C2A-26CD38322433}.Debug|x64.Build.0 = Debug|Any CPU
		{922D9BA5-1196-4BFB-9C2A-26CD38322433}.Debug|x86.ActiveCfg = Debug|Any CPU
		{922D9BA5-1196-4BFB-9C2A-26CD38322433}.Debug|x86.Build.0 = Debug|Any CPU
		{922D9BA5-1196-4BFB-9C2A-26CD38322433}.Release|Any CPU.ActiveCfg = Release|Any CPU
		{922D9BA5-1196-4BFB-9C2A-26CD38322433}.Release|Any CPU.Build.0 = Release|Any CPU
		{922D9BA5-1196-4BFB-9C2A-26CD38322433}.Release|x64.ActiveCfg = Release|Any CPU
		{922D9BA5-1196-4BFB-9C2A-26CD38322433}.Release|x64.Build.0 = Release|Any CPU
		{922D9BA5-1196-4BFB-9C2A-26CD38322433}.Release|x86.ActiveCfg = Release|Any CPU
		{922D9BA5-1196-4BFB-9C2A-26CD38322433}.Release|x86.Build.0 = Release|Any CPU
		{4D2F502C-FCE5-4439-8EE3-4704C64E4A1F}.Debug|Any CPU.ActiveCfg = Debug|Any CPU
		{4D2F502C-FCE5-4439-8EE3-4704C64E4A1F}.Debug|Any CPU.Build.0 = Debug|Any CPU
		{4D2F502C-FCE5-4439-8EE3-4704C64E4A1F}.Debug|x64.ActiveCfg = Debug|Any CPU
		{4D2F502C-FCE5-4439-8EE3-4704C64E4A1F}.Debug|x64.Build.0 = Debug|Any CPU
		{4D2F502C-FCE5-4439-8EE3-4704C64E4A1F}.Debug|x86.ActiveCfg = Debug|Any CPU
		{4D2F502C-FCE5-4439-8EE3-4704C64E4A1F}.Debug|x86.Build.0 = Debug|Any CPU
		{4D2F502C-FCE5-4439-8EE3-4704C64E4A1F}.Release|Any CPU.ActiveCfg = Release|Any CPU
		{4D2F502C-FCE5-4439-8EE3-4704C64E4A1F}.Release|Any CPU.Build.0 = Release|Any CPU
		{4D2F502C-FCE5-4439-8EE3-4704C64E4A1F}.Release|x64.ActiveCfg = Release|Any CPU
		{4D2F502C-FCE5-4439-8EE3-4704C64E4A1F}.Release|x64.Build.0 = Release|Any CPU
		{4D2F502C-FCE5-4439-8EE3-4704C64E4A1F}.Release|x86.ActiveCfg = Release|Any CPU
		{4D2F502C-FCE5-4439-8EE3-4704C64E4A1F}.Release|x86.Build.0 = Release|Any CPU
	EndGlobalSection
	GlobalSection(SolutionProperties) = preSolution
		HideSolutionNode = FALSE
	EndGlobalSection
EndGlobal
